
Microsoft Visual Studio Solution File, Format Version 12.00
# Visual Studio 14
VisualStudioVersion = 14.0.25420.1
MinimumVisualStudioVersion = 10.0.40219.1
Project("{FAE04EC0-301F-11D3-BF4B-00C04F79EFBC}") = "AutoAlignment2D", "AutoAlignment2D\AutoAlignment2D.csproj", "{17A43F22-3F19-4A09-9167-191B7737EABF}"
EndProject
Project("{FAE04EC0-301F-11D3-BF4B-00C04F79EFBC}") = "FC.MarkLocator", "FC.MarkLocator\FC.MarkLocator.csproj", "{A733DFE3-F61E-42AA-B68C-33A0B1E63638}"
EndProject
Global
	GlobalSection(SolutionConfigurationPlatforms) = preSolution
		Debug|Any CPU = Debug|Any CPU
		Release|Any CPU = Release|Any CPU
	EndGlobalSection
	GlobalSection(ProjectConfigurationPlatforms) = postSolution
		{17A43F22-3F19-4A09-9167-191B7737EABF}.Debug|Any CPU.ActiveCfg = Debug|Any CPU
		{17A43F22-3F19-4A09-9167-191B7737EABF}.Debug|Any CPU.Build.0 = Debug|Any CPU
		{17A43F22-3F19-4A09-9167-191B7737EABF}.Release|Any CPU.ActiveCfg = Release|Any CPU
		{17A43F22-3F19-4A09-9167-191B7737EABF}.Release|Any CPU.Build.0 = Release|Any CPU
		{A733DFE3-F61E-42AA-B68C-33A0B1E63638}.Debug|Any CPU.ActiveCfg = Debug|Any CPU
		{A733DFE3-F61E-42AA-B68C-33A0B1E63638}.Debug|Any CPU.Build.0 = Debug|Any CPU
		{A733DFE3-F61E-42AA-B68C-33A0B1E63638}.Release|Any CPU.ActiveCfg = Release|Any CPU
		{A733DFE3-F61E-42AA-B68C-33A0B1E63638}.Release|Any CPU.Build.0 = Release|Any CPU
	EndGlobalSection
	GlobalSection(SolutionProperties) = preSolution
		HideSolutionNode = FALSE
	EndGlobalSection
EndGlobal
